// !$*UTF8*$!
{
	archiveVersion = 1;
	classes = {
	};
	objectVersion = 46;
	objects = {

/* Begin PBXBuildFile section */
		495805B914C57683002AC459 /* SenTestingKit.framework in Frameworks */ = {isa = PBXBuildFile; fileRef = 495805B814C57683002AC459 /* SenTestingKit.framework */; };
		495805C514C57683002AC459 /* InfoPlist.strings in Resources */ = {isa = PBXBuildFile; fileRef = 495805C314C57683002AC459 /* InfoPlist.strings */; };
		495805C814C57683002AC459 /* RendererTests.mm in Sources */ = {isa = PBXBuildFile; fileRef = 495805C714C57683002AC459 /* RendererTests.mm */; };
		4969251114E3C88D00FB3BCB /* FrameBufferTest.mm in Sources */ = {isa = PBXBuildFile; fileRef = 4969250D14E3C88D00FB3BCB /* FrameBufferTest.mm */; };
		4969251214E3C88D00FB3BCB /* MathTest.m in Sources */ = {isa = PBXBuildFile; fileRef = 4969251014E3C88D00FB3BCB /* MathTest.m */; };
		498954C6179523720036F5AE /* Scene.cpp in Sources */ = {isa = PBXBuildFile; fileRef = 498954C4179523720036F5AE /* Scene.cpp */; };
		498954C7179523720036F5AE /* Scene.cpp in Sources */ = {isa = PBXBuildFile; fileRef = 498954C4179523720036F5AE /* Scene.cpp */; };
		498954CA17952ACA0036F5AE /* SOIntersection.cpp in Sources */ = {isa = PBXBuildFile; fileRef = 498954C817952ACA0036F5AE /* SOIntersection.cpp */; };
		498954CB17952ACA0036F5AE /* SOIntersection.cpp in Sources */ = {isa = PBXBuildFile; fileRef = 498954C817952ACA0036F5AE /* SOIntersection.cpp */; };
		498954D0179BC2E50036F5AE /* SceneObjectTests.mm in Sources */ = {isa = PBXBuildFile; fileRef = 498954CF179BC2E50036F5AE /* SceneObjectTests.mm */; };
		498954D1179BD5600036F5AE /* FrameBuffer.mm in Sources */ = {isa = PBXBuildFile; fileRef = 498BCE4C14766B4500B4ED2C /* FrameBuffer.mm */; };
		498954D3179BD8560036F5AE /* BasicTypesImpl.cpp in Sources */ = {isa = PBXBuildFile; fileRef = 498BCE461476651000B4ED2C /* BasicTypesImpl.cpp */; };
		498954D4179BDBB80036F5AE /* Camera.mm in Sources */ = {isa = PBXBuildFile; fileRef = 498BCE441472569400B4ED2C /* Camera.mm */; };
		498954D7179E61F60036F5AE /* LightSource.cpp in Sources */ = {isa = PBXBuildFile; fileRef = 498954D5179E61F50036F5AE /* LightSource.cpp */; };
		498954D8179E61F60036F5AE /* LightSource.cpp in Sources */ = {isa = PBXBuildFile; fileRef = 498954D5179E61F50036F5AE /* LightSource.cpp */; };
		498954DC179E6F730036F5AE /* IlluminateResult.cpp in Sources */ = {isa = PBXBuildFile; fileRef = 498954DA179E6F730036F5AE /* IlluminateResult.cpp */; };
		498954DD179E6F730036F5AE /* IlluminateResult.cpp in Sources */ = {isa = PBXBuildFile; fileRef = 498954DA179E6F730036F5AE /* IlluminateResult.cpp */; };
		498954E017A10EFC0036F5AE /* PointLightSource.cpp in Sources */ = {isa = PBXBuildFile; fileRef = 498954DE17A10EFB0036F5AE /* PointLightSource.cpp */; };
		498954E117A10EFC0036F5AE /* PointLightSource.cpp in Sources */ = {isa = PBXBuildFile; fileRef = 498954DE17A10EFB0036F5AE /* PointLightSource.cpp */; };
		498954E417C8A16E0036F5AE /* ImageIO.framework in Frameworks */ = {isa = PBXBuildFile; fileRef = 498954E317C8A16C0036F5AE /* ImageIO.framework */; };
		498954E517C8A17E0036F5AE /* ImageIO.framework in Frameworks */ = {isa = PBXBuildFile; fileRef = 498954E317C8A16C0036F5AE /* ImageIO.framework */; };
		498954E817CC92770036F5AE /* AppKit.framework in Frameworks */ = {isa = PBXBuildFile; fileRef = 495805BD14C57683002AC459 /* AppKit.framework */; };
		498954EA17CF41590036F5AE /* AppKit.framework in Frameworks */ = {isa = PBXBuildFile; fileRef = 495805BD14C57683002AC459 /* AppKit.framework */; };
		498954EC17CF42990036F5AE /* AppKit.framework in Frameworks */ = {isa = PBXBuildFile; fileRef = 498954E617CC92520036F5AE /* AppKit.framework */; };
		498954ED17CF429A0036F5AE /* AppKit.framework in Frameworks */ = {isa = PBXBuildFile; fileRef = 498954E617CC92520036F5AE /* AppKit.framework */; };
		498954F017D1B3DB0036F5AE /* Plane.cpp in Sources */ = {isa = PBXBuildFile; fileRef = 498954EE17D1B3D90036F5AE /* Plane.cpp */; };
		498954F117D1B3DB0036F5AE /* Plane.cpp in Sources */ = {isa = PBXBuildFile; fileRef = 498954EE17D1B3D90036F5AE /* Plane.cpp */; };
		498954F417D9AF750036F5AE /* Material.cpp in Sources */ = {isa = PBXBuildFile; fileRef = 498954F217D9AF720036F5AE /* Material.cpp */; };
		498954F517D9AF750036F5AE /* Material.cpp in Sources */ = {isa = PBXBuildFile; fileRef = 498954F217D9AF720036F5AE /* Material.cpp */; };
		498BCE271471073700B4ED2C /* Foundation.framework in Frameworks */ = {isa = PBXBuildFile; fileRef = 498BCE261471073700B4ED2C /* Foundation.framework */; };
		498BCE2A1471073700B4ED2C /* main.mm in Sources */ = {isa = PBXBuildFile; fileRef = 498BCE291471073700B4ED2C /* main.mm */; };
		498BCE2E1471073700B4ED2C /* Renderer.1 in CopyFiles */ = {isa = PBXBuildFile; fileRef = 498BCE2D1471073700B4ED2C /* Renderer.1 */; };
		498BCE37147107B000B4ED2C /* SceneObject.cpp in Sources */ = {isa = PBXBuildFile; fileRef = 498BCE36147107B000B4ED2C /* SceneObject.cpp */; };
		498BCE3E1471091C00B4ED2C /* Renderer.mm in Sources */ = {isa = PBXBuildFile; fileRef = 498BCE3D1471091C00B4ED2C /* Renderer.mm */; };
		498BCE421472505500B4ED2C /* SceneParser.m in Sources */ = {isa = PBXBuildFile; fileRef = 498BCE411472505500B4ED2C /* SceneParser.m */; };
		498BCE451472569400B4ED2C /* Camera.mm in Sources */ = {isa = PBXBuildFile; fileRef = 498BCE441472569400B4ED2C /* Camera.mm */; };
		498BCE471476651000B4ED2C /* BasicTypesImpl.cpp in Sources */ = {isa = PBXBuildFile; fileRef = 498BCE461476651000B4ED2C /* BasicTypesImpl.cpp */; };
		498BCE4D14766B4500B4ED2C /* FrameBuffer.mm in Sources */ = {isa = PBXBuildFile; fileRef = 498BCE4C14766B4500B4ED2C /* FrameBuffer.mm */; };
		49C5E1D714C6C76500E6D655 /* SceneObject.cpp in Sources */ = {isa = PBXBuildFile; fileRef = 49C5E1D414C6C76500E6D655 /* SceneObject.cpp */; };
		49C5E1E314C6C7B700E6D655 /* Renderer.mm in Sources */ = {isa = PBXBuildFile; fileRef = 49C5E1DE14C6C7B700E6D655 /* Renderer.mm */; };
		49C5E1E414C6C7B700E6D655 /* SceneParser.m in Sources */ = {isa = PBXBuildFile; fileRef = 49C5E1E014C6C7B700E6D655 /* SceneParser.m */; };
		49D5135B1595A24B00C0ECAF /* Sphere.cpp in Sources */ = {isa = PBXBuildFile; fileRef = 49D5135A1595A24B00C0ECAF /* Sphere.cpp */; };
		49D5135C1595A24B00C0ECAF /* Sphere.cpp in Sources */ = {isa = PBXBuildFile; fileRef = 49D5135A1595A24B00C0ECAF /* Sphere.cpp */; };
/* End PBXBuildFile section */

/* Begin PBXCopyFilesBuildPhase section */
		498BCE201471073700B4ED2C /* CopyFiles */ = {
			isa = PBXCopyFilesBuildPhase;
			buildActionMask = 2147483647;
			dstPath = /usr/share/man/man1/;
			dstSubfolderSpec = 0;
			files = (
				498BCE2E1471073700B4ED2C /* Renderer.1 in CopyFiles */,
			);
			runOnlyForDeploymentPostprocessing = 1;
		};
/* End PBXCopyFilesBuildPhase section */

/* Begin PBXFileReference section */
		495805B714C57683002AC459 /* RendererTests.octest */ = {isa = PBXFileReference; explicitFileType = wrapper.cfbundle; includeInIndex = 0; path = RendererTests.octest; sourceTree = BUILT_PRODUCTS_DIR; };
		495805B814C57683002AC459 /* SenTestingKit.framework */ = {isa = PBXFileReference; lastKnownFileType = wrapper.framework; name = SenTestingKit.framework; path = Library/Frameworks/SenTestingKit.framework; sourceTree = DEVELOPER_DIR; };
		495805BA14C57683002AC459 /* Cocoa.framework */ = {isa = PBXFileReference; lastKnownFileType = wrapper.framework; name = Cocoa.framework; path = Library/Frameworks/Cocoa.framework; sourceTree = DEVELOPER_DIR; };
		495805BD14C57683002AC459 /* AppKit.framework */ = {isa = PBXFileReference; lastKnownFileType = wrapper.framework; name = AppKit.framework; path = Library/Frameworks/AppKit.framework; sourceTree = SDKROOT; };
		495805BE14C57683002AC459 /* CoreData.framework */ = {isa = PBXFileReference; lastKnownFileType = wrapper.framework; name = CoreData.framework; path = Library/Frameworks/CoreData.framework; sourceTree = SDKROOT; };
		495805BF14C57683002AC459 /* Foundation.framework */ = {isa = PBXFileReference; lastKnownFileType = wrapper.framework; name = Foundation.framework; path = Library/Frameworks/Foundation.framework; sourceTree = SDKROOT; };
		495805C214C57683002AC459 /* RendererTests-Info.plist */ = {isa = PBXFileReference; lastKnownFileType = text.plist.xml; path = "RendererTests-Info.plist"; sourceTree = "<group>"; };
		495805C414C57683002AC459 /* en */ = {isa = PBXFileReference; lastKnownFileType = text.plist.strings; name = en; path = en.lproj/InfoPlist.strings; sourceTree = "<group>"; };
		495805C614C57683002AC459 /* RendererTests.h */ = {isa = PBXFileReference; lastKnownFileType = sourcecode.c.h; path = RendererTests.h; sourceTree = "<group>"; };
		495805C714C57683002AC459 /* RendererTests.mm */ = {isa = PBXFileReference; lastKnownFileType = sourcecode.cpp.objcpp; path = RendererTests.mm; sourceTree = "<group>"; };
		495805C914C57683002AC459 /* RendererTests-Prefix.pch */ = {isa = PBXFileReference; lastKnownFileType = sourcecode.c.h; path = "RendererTests-Prefix.pch"; sourceTree = "<group>"; };
		4969250C14E3C88D00FB3BCB /* FrameBufferTest.h */ = {isa = PBXFileReference; fileEncoding = 4; lastKnownFileType = sourcecode.c.h; path = FrameBufferTest.h; sourceTree = "<group>"; };
		4969250D14E3C88D00FB3BCB /* FrameBufferTest.mm */ = {isa = PBXFileReference; fileEncoding = 4; lastKnownFileType = sourcecode.cpp.objcpp; path = FrameBufferTest.mm; sourceTree = "<group>"; };
		4969250F14E3C88D00FB3BCB /* MathTest.h */ = {isa = PBXFileReference; fileEncoding = 4; lastKnownFileType = sourcecode.c.h; path = MathTest.h; sourceTree = "<group>"; };
		4969251014E3C88D00FB3BCB /* MathTest.m */ = {isa = PBXFileReference; fileEncoding = 4; lastKnownFileType = sourcecode.c.objc; path = MathTest.m; sourceTree = "<group>"; };
		498954C4179523720036F5AE /* Scene.cpp */ = {isa = PBXFileReference; fileEncoding = 4; lastKnownFileType = sourcecode.cpp.cpp; path = Scene.cpp; sourceTree = "<group>"; };
		498954C5179523720036F5AE /* Scene.h */ = {isa = PBXFileReference; fileEncoding = 4; lastKnownFileType = sourcecode.c.h; path = Scene.h; sourceTree = "<group>"; };
		498954C817952ACA0036F5AE /* SOIntersection.cpp */ = {isa = PBXFileReference; fileEncoding = 4; lastKnownFileType = sourcecode.cpp.cpp; path = SOIntersection.cpp; sourceTree = "<group>"; };
		498954C917952ACA0036F5AE /* SOIntersection.h */ = {isa = PBXFileReference; fileEncoding = 4; lastKnownFileType = sourcecode.c.h; path = SOIntersection.h; sourceTree = "<group>"; };
		498954CE179BC2E50036F5AE /* SceneObjectTests.h */ = {isa = PBXFileReference; fileEncoding = 4; lastKnownFileType = sourcecode.c.h; name = SceneObjectTests.h; path = "Common:SceneObjects/SceneObjectTests.h"; sourceTree = "<group>"; };
		498954CF179BC2E50036F5AE /* SceneObjectTests.mm */ = {isa = PBXFileReference; fileEncoding = 4; lastKnownFileType = sourcecode.cpp.objcpp; name = SceneObjectTests.mm; path = "Common:SceneObjects/SceneObjectTests.mm"; sourceTree = "<group>"; };
		498954D5179E61F50036F5AE /* LightSource.cpp */ = {isa = PBXFileReference; fileEncoding = 4; lastKnownFileType = sourcecode.cpp.cpp; name = LightSource.cpp; path = Lights/LightSource.cpp; sourceTree = "<group>"; };
		498954D6179E61F60036F5AE /* LightSource.h */ = {isa = PBXFileReference; fileEncoding = 4; lastKnownFileType = sourcecode.c.h; name = LightSource.h; path = Lights/LightSource.h; sourceTree = "<group>"; };
		498954DA179E6F730036F5AE /* IlluminateResult.cpp */ = {isa = PBXFileReference; fileEncoding = 4; lastKnownFileType = sourcecode.cpp.cpp; name = IlluminateResult.cpp; path = Lights/IlluminateResult.cpp; sourceTree = "<group>"; };
		498954DB179E6F730036F5AE /* IlluminateResult.h */ = {isa = PBXFileReference; fileEncoding = 4; lastKnownFileType = sourcecode.c.h; name = IlluminateResult.h; path = Lights/IlluminateResult.h; sourceTree = "<group>"; };
		498954DE17A10EFB0036F5AE /* PointLightSource.cpp */ = {isa = PBXFileReference; fileEncoding = 4; lastKnownFileType = sourcecode.cpp.cpp; name = PointLightSource.cpp; path = Lights/PointLightSource.cpp; sourceTree = "<group>"; };
		498954DF17A10EFC0036F5AE /* PointLightSource.h */ = {isa = PBXFileReference; fileEncoding = 4; lastKnownFileType = sourcecode.c.h; name = PointLightSource.h; path = Lights/PointLightSource.h; sourceTree = "<group>"; };
		498954E217AA3B3B0036F5AE /* Rectangle.h */ = {isa = PBXFileReference; fileEncoding = 4; lastKnownFileType = sourcecode.c.h; path = Rectangle.h; sourceTree = "<group>"; };
		498954E317C8A16C0036F5AE /* ImageIO.framework */ = {isa = PBXFileReference; lastKnownFileType = wrapper.framework; name = ImageIO.framework; path = System/Library/Frameworks/ImageIO.framework; sourceTree = SDKROOT; };
		498954E617CC92520036F5AE /* AppKit.framework */ = {isa = PBXFileReference; lastKnownFileType = wrapper.framework; name = AppKit.framework; path = System/Library/Frameworks/AppKit.framework; sourceTree = SDKROOT; };
		498954EE17D1B3D90036F5AE /* Plane.cpp */ = {isa = PBXFileReference; fileEncoding = 4; lastKnownFileType = sourcecode.cpp.cpp; name = Plane.cpp; path = SceneObjects/Plane.cpp; sourceTree = "<group>"; };
		498954EF17D1B3DB0036F5AE /* Plane.h */ = {isa = PBXFileReference; fileEncoding = 4; lastKnownFileType = sourcecode.c.h; name = Plane.h; path = SceneObjects/Plane.h; sourceTree = "<group>"; };
		498954F217D9AF720036F5AE /* Material.cpp */ = {isa = PBXFileReference; fileEncoding = 4; lastKnownFileType = sourcecode.cpp.cpp; name = Material.cpp; path = Materials/Material.cpp; sourceTree = "<group>"; };
		498954F317D9AF740036F5AE /* Material.h */ = {isa = PBXFileReference; fileEncoding = 4; lastKnownFileType = sourcecode.c.h; name = Material.h; path = Materials/Material.h; sourceTree = "<group>"; };
		498BCE221471073700B4ED2C /* Renderer */ = {isa = PBXFileReference; explicitFileType = "compiled.mach-o.executable"; includeInIndex = 0; path = Renderer; sourceTree = BUILT_PRODUCTS_DIR; };
		498BCE261471073700B4ED2C /* Foundation.framework */ = {isa = PBXFileReference; lastKnownFileType = wrapper.framework; name = Foundation.framework; path = System/Library/Frameworks/Foundation.framework; sourceTree = SDKROOT; };
		498BCE291471073700B4ED2C /* main.mm */ = {isa = PBXFileReference; lastKnownFileType = sourcecode.cpp.objcpp; path = main.mm; sourceTree = "<group>"; };
		498BCE2C1471073700B4ED2C /* Renderer-Prefix.pch */ = {isa = PBXFileReference; lastKnownFileType = sourcecode.c.h; path = "Renderer-Prefix.pch"; sourceTree = "<group>"; };
		498BCE2D1471073700B4ED2C /* Renderer.1 */ = {isa = PBXFileReference; lastKnownFileType = text.man; path = Renderer.1; sourceTree = "<group>"; };
		498BCE36147107B000B4ED2C /* SceneObject.cpp */ = {isa = PBXFileReference; fileEncoding = 4; lastKnownFileType = sourcecode.cpp.cpp; path = SceneObject.cpp; sourceTree = "<group>"; };
		498BCE38147107BD00B4ED2C /* SceneObject.h */ = {isa = PBXFileReference; fileEncoding = 4; lastKnownFileType = sourcecode.c.h; path = SceneObject.h; sourceTree = "<group>"; };
		498BCE3C1471091C00B4ED2C /* Renderer.h */ = {isa = PBXFileReference; fileEncoding = 4; lastKnownFileType = sourcecode.c.h; path = Renderer.h; sourceTree = "<group>"; };
		498BCE3D1471091C00B4ED2C /* Renderer.mm */ = {isa = PBXFileReference; fileEncoding = 4; lastKnownFileType = sourcecode.cpp.objcpp; path = Renderer.mm; sourceTree = "<group>"; };
		498BCE3F1472450900B4ED2C /* BasicTypes.h */ = {isa = PBXFileReference; fileEncoding = 4; lastKnownFileType = sourcecode.c.h; path = BasicTypes.h; sourceTree = "<group>"; };
		498BCE401472505500B4ED2C /* SceneParser.h */ = {isa = PBXFileReference; fileEncoding = 4; lastKnownFileType = sourcecode.c.h; path = SceneParser.h; sourceTree = "<group>"; };
		498BCE411472505500B4ED2C /* SceneParser.m */ = {isa = PBXFileReference; fileEncoding = 4; lastKnownFileType = sourcecode.c.objc; path = SceneParser.m; sourceTree = "<group>"; };
		498BCE431472569400B4ED2C /* Camera.h */ = {isa = PBXFileReference; fileEncoding = 4; lastKnownFileType = sourcecode.c.h; path = Camera.h; sourceTree = "<group>"; };
		498BCE441472569400B4ED2C /* Camera.mm */ = {isa = PBXFileReference; fileEncoding = 4; lastKnownFileType = sourcecode.cpp.objcpp; path = Camera.mm; sourceTree = "<group>"; };
		498BCE461476651000B4ED2C /* BasicTypesImpl.cpp */ = {isa = PBXFileReference; fileEncoding = 4; lastKnownFileType = sourcecode.cpp.cpp; path = BasicTypesImpl.cpp; sourceTree = "<group>"; };
		498BCE4B14766B4500B4ED2C /* FrameBuffer.h */ = {isa = PBXFileReference; fileEncoding = 4; lastKnownFileType = sourcecode.c.h; path = FrameBuffer.h; sourceTree = "<group>"; };
		498BCE4C14766B4500B4ED2C /* FrameBuffer.mm */ = {isa = PBXFileReference; fileEncoding = 4; lastKnownFileType = sourcecode.cpp.objcpp; path = FrameBuffer.mm; sourceTree = "<group>"; };
		498BCE4E14766C6100B4ED2C /* BasicTypesImpl.h */ = {isa = PBXFileReference; fileEncoding = 4; lastKnownFileType = sourcecode.c.h; path = BasicTypesImpl.h; sourceTree = "<group>"; };
		49C5E1D214C6C76500E6D655 /* BasicTypes.h */ = {isa = PBXFileReference; fileEncoding = 4; lastKnownFileType = sourcecode.c.h; path = BasicTypes.h; sourceTree = "<group>"; };
		49C5E1D314C6C76500E6D655 /* BasicTypesImpl.h */ = {isa = PBXFileReference; fileEncoding = 4; lastKnownFileType = sourcecode.c.h; path = BasicTypesImpl.h; sourceTree = "<group>"; };
		49C5E1D414C6C76500E6D655 /* SceneObject.cpp */ = {isa = PBXFileReference; fileEncoding = 4; lastKnownFileType = sourcecode.cpp.cpp; path = SceneObject.cpp; sourceTree = "<group>"; };
		49C5E1D514C6C76500E6D655 /* SceneObject.h */ = {isa = PBXFileReference; fileEncoding = 4; lastKnownFileType = sourcecode.c.h; path = SceneObject.h; sourceTree = "<group>"; };
		49C5E1D914C6C7B700E6D655 /* Camera.h */ = {isa = PBXFileReference; fileEncoding = 4; lastKnownFileType = sourcecode.c.h; path = Camera.h; sourceTree = "<group>"; };
		49C5E1DB14C6C7B700E6D655 /* FrameBuffer.h */ = {isa = PBXFileReference; fileEncoding = 4; lastKnownFileType = sourcecode.c.h; path = FrameBuffer.h; sourceTree = "<group>"; };
		49C5E1DD14C6C7B700E6D655 /* Renderer.h */ = {isa = PBXFileReference; fileEncoding = 4; lastKnownFileType = sourcecode.c.h; path = Renderer.h; sourceTree = "<group>"; };
		49C5E1DE14C6C7B700E6D655 /* Renderer.mm */ = {isa = PBXFileReference; fileEncoding = 4; lastKnownFileType = sourcecode.cpp.objcpp; path = Renderer.mm; sourceTree = "<group>"; };
		49C5E1DF14C6C7B700E6D655 /* SceneParser.h */ = {isa = PBXFileReference; fileEncoding = 4; lastKnownFileType = sourcecode.c.h; path = SceneParser.h; sourceTree = "<group>"; };
		49C5E1E014C6C7B700E6D655 /* SceneParser.m */ = {isa = PBXFileReference; fileEncoding = 4; lastKnownFileType = sourcecode.c.objc; path = SceneParser.m; sourceTree = "<group>"; };
		49D513581595A23E00C0ECAF /* Sphere.h */ = {isa = PBXFileReference; fileEncoding = 4; lastKnownFileType = sourcecode.c.h; path = Sphere.h; sourceTree = "<group>"; };
		49D5135A1595A24B00C0ECAF /* Sphere.cpp */ = {isa = PBXFileReference; fileEncoding = 4; lastKnownFileType = sourcecode.cpp.cpp; path = Sphere.cpp; sourceTree = "<group>"; };
/* End PBXFileReference section */

/* Begin PBXFrameworksBuildPhase section */
		495805B314C57683002AC459 /* Frameworks */ = {
			isa = PBXFrameworksBuildPhase;
			buildActionMask = 2147483647;
			files = (
				498954E417C8A16E0036F5AE /* ImageIO.framework in Frameworks */,
				495805B914C57683002AC459 /* SenTestingKit.framework in Frameworks */,
				498954E817CC92770036F5AE /* AppKit.framework in Frameworks */,
				498954ED17CF429A0036F5AE /* AppKit.framework in Frameworks */,
			);
			runOnlyForDeploymentPostprocessing = 0;
		};
		498BCE1F1471073700B4ED2C /* Frameworks */ = {
			isa = PBXFrameworksBuildPhase;
			buildActionMask = 2147483647;
			files = (
				498954E517C8A17E0036F5AE /* ImageIO.framework in Frameworks */,
				498BCE271471073700B4ED2C /* Foundation.framework in Frameworks */,
				498954EA17CF41590036F5AE /* AppKit.framework in Frameworks */,
				498954EC17CF42990036F5AE /* AppKit.framework in Frameworks */,
			);
			runOnlyForDeploymentPostprocessing = 0;
		};
/* End PBXFrameworksBuildPhase section */

/* Begin PBXGroup section */
		495805BC14C57683002AC459 /* Other Frameworks */ = {
			isa = PBXGroup;
			children = (
				495805BD14C57683002AC459 /* AppKit.framework */,
				495805BE14C57683002AC459 /* CoreData.framework */,
				495805BF14C57683002AC459 /* Foundation.framework */,
			);
			name = "Other Frameworks";
			sourceTree = "<group>";
		};
		495805C014C57683002AC459 /* RendererTests */ = {
			isa = PBXGroup;
			children = (
				4969250A14E3C88D00FB3BCB /* UnitTest */,
				49C5E1D814C6C7B700E6D655 /* Framework */,
				49C5E1D014C6C76500E6D655 /* Common */,
				495805C614C57683002AC459 /* RendererTests.h */,
				495805C714C57683002AC459 /* RendererTests.mm */,
				495805C114C57683002AC459 /* Supporting Files */,
			);
			path = RendererTests;
			sourceTree = "<group>";
		};
		495805C114C57683002AC459 /* Supporting Files */ = {
			isa = PBXGroup;
			children = (
				495805C214C57683002AC459 /* RendererTests-Info.plist */,
				495805C314C57683002AC459 /* InfoPlist.strings */,
				495805C914C57683002AC459 /* RendererTests-Prefix.pch */,
			);
			name = "Supporting Files";
			sourceTree = "<group>";
		};
		4969250A14E3C88D00FB3BCB /* UnitTest */ = {
			isa = PBXGroup;
			children = (
				498954CC179BC2800036F5AE /* Common */,
				4969250B14E3C88D00FB3BCB /* Framework */,
				4969250E14E3C88D00FB3BCB /* Math */,
			);
			path = UnitTest;
			sourceTree = SOURCE_ROOT;
		};
		4969250B14E3C88D00FB3BCB /* Framework */ = {
			isa = PBXGroup;
			children = (
				4969250C14E3C88D00FB3BCB /* FrameBufferTest.h */,
				4969250D14E3C88D00FB3BCB /* FrameBufferTest.mm */,
			);
			path = Framework;
			sourceTree = "<group>";
		};
		4969250E14E3C88D00FB3BCB /* Math */ = {
			isa = PBXGroup;
			children = (
				4969250F14E3C88D00FB3BCB /* MathTest.h */,
				4969251014E3C88D00FB3BCB /* MathTest.m */,
			);
			path = Math;
			sourceTree = "<group>";
		};
		498954CC179BC2800036F5AE /* Common */ = {
			isa = PBXGroup;
			children = (
				498954CD179BC28F0036F5AE /* SceneObjects */,
			);
			name = Common;
			sourceTree = "<group>";
		};
		498954CD179BC28F0036F5AE /* SceneObjects */ = {
			isa = PBXGroup;
			children = (
				498954CE179BC2E50036F5AE /* SceneObjectTests.h */,
				498954CF179BC2E50036F5AE /* SceneObjectTests.mm */,
			);
			name = SceneObjects;
			sourceTree = "<group>";
		};
		498954D9179E62130036F5AE /* Lights */ = {
			isa = PBXGroup;
			children = (
				498954D5179E61F50036F5AE /* LightSource.cpp */,
				498954D6179E61F60036F5AE /* LightSource.h */,
				498954DA179E6F730036F5AE /* IlluminateResult.cpp */,
				498954DB179E6F730036F5AE /* IlluminateResult.h */,
				498954DE17A10EFB0036F5AE /* PointLightSource.cpp */,
				498954DF17A10EFC0036F5AE /* PointLightSource.h */,
			);
			name = Lights;
			sourceTree = "<group>";
		};
		498954F617D9AF970036F5AE /* Materials */ = {
			isa = PBXGroup;
			children = (
				498954F217D9AF720036F5AE /* Material.cpp */,
				498954F317D9AF740036F5AE /* Material.h */,
			);
			name = Materials;
			sourceTree = "<group>";
		};
		498954F717D9B0C20036F5AE /* Camera */ = {
			isa = PBXGroup;
			children = (
				498BCE431472569400B4ED2C /* Camera.h */,
				498BCE441472569400B4ED2C /* Camera.mm */,
			);
			name = Camera;
			sourceTree = "<group>";
		};
		498BCE171471073700B4ED2C = {
			isa = PBXGroup;
			children = (
				498BCE341471078500B4ED2C /* Common */,
				498BCE351471078500B4ED2C /* Framework */,
				498BCE281471073700B4ED2C /* Renderer */,
				495805C014C57683002AC459 /* RendererTests */,
				498BCE251471073700B4ED2C /* Frameworks */,
				498BCE231471073700B4ED2C /* Products */,
			);
			sourceTree = "<group>";
		};
		498BCE231471073700B4ED2C /* Products */ = {
			isa = PBXGroup;
			children = (
				498BCE221471073700B4ED2C /* Renderer */,
				495805B714C57683002AC459 /* RendererTests.octest */,
			);
			name = Products;
			sourceTree = "<group>";
		};
		498BCE251471073700B4ED2C /* Frameworks */ = {
			isa = PBXGroup;
			children = (
				498954E617CC92520036F5AE /* AppKit.framework */,
				498954E317C8A16C0036F5AE /* ImageIO.framework */,
				498BCE261471073700B4ED2C /* Foundation.framework */,
				495805B814C57683002AC459 /* SenTestingKit.framework */,
				495805BA14C57683002AC459 /* Cocoa.framework */,
				495805BC14C57683002AC459 /* Other Frameworks */,
			);
			name = Frameworks;
			sourceTree = "<group>";
		};
		498BCE281471073700B4ED2C /* Renderer */ = {
			isa = PBXGroup;
			children = (
				498BCE291471073700B4ED2C /* main.mm */,
				498BCE2D1471073700B4ED2C /* Renderer.1 */,
				498BCE2B1471073700B4ED2C /* Supporting Files */,
			);
			path = Renderer;
			sourceTree = "<group>";
		};
		498BCE2B1471073700B4ED2C /* Supporting Files */ = {
			isa = PBXGroup;
			children = (
				498BCE2C1471073700B4ED2C /* Renderer-Prefix.pch */,
			);
			name = "Supporting Files";
			sourceTree = "<group>";
		};
		498BCE341471078500B4ED2C /* Common */ = {
			isa = PBXGroup;
			children = (
				498954D9179E62130036F5AE /* Lights */,
				498BCE4A147669CA00B4ED2C /* SceneObjects */,
				498BCE49147669C200B4ED2C /* Math */,
				498BCE3F1472450900B4ED2C /* BasicTypes.h */,
				498BCE461476651000B4ED2C /* BasicTypesImpl.cpp */,
				498BCE4E14766C6100B4ED2C /* BasicTypesImpl.h */,
				498954E217AA3B3B0036F5AE /* Rectangle.h */,
				498954F617D9AF970036F5AE /* Materials */,
			);
			path = Common;
			sourceTree = "<group>";
		};
		498BCE351471078500B4ED2C /* Framework */ = {
			isa = PBXGroup;
			children = (
				498954F717D9B0C20036F5AE /* Camera */,
				498BCE48147668FE00B4ED2C /* FrameBuffer */,
				498BCE3C1471091C00B4ED2C /* Renderer.h */,
				498BCE3D1471091C00B4ED2C /* Renderer.mm */,
				498BCE401472505500B4ED2C /* SceneParser.h */,
				498BCE411472505500B4ED2C /* SceneParser.m */,
			);
			path = Framework;
			sourceTree = "<group>";
		};
		498BCE48147668FE00B4ED2C /* FrameBuffer */ = {
			isa = PBXGroup;
			children = (
				498BCE4B14766B4500B4ED2C /* FrameBuffer.h */,
				498BCE4C14766B4500B4ED2C /* FrameBuffer.mm */,
			);
			name = FrameBuffer;
			sourceTree = "<group>";
		};
		498BCE49147669C200B4ED2C /* Math */ = {
			isa = PBXGroup;
			children = (
			);
			name = Math;
			sourceTree = "<group>";
		};
		498BCE4A147669CA00B4ED2C /* SceneObjects */ = {
			isa = PBXGroup;
			children = (
				498BCE36147107B000B4ED2C /* SceneObject.cpp */,
				498954C4179523720036F5AE /* Scene.cpp */,
				498954C5179523720036F5AE /* Scene.h */,
				498BCE38147107BD00B4ED2C /* SceneObject.h */,
				49D513581595A23E00C0ECAF /* Sphere.h */,
				49D5135A1595A24B00C0ECAF /* Sphere.cpp */,
				498954C817952ACA0036F5AE /* SOIntersection.cpp */,
				498954C917952ACA0036F5AE /* SOIntersection.h */,
				498954EE17D1B3D90036F5AE /* Plane.cpp */,
				498954EF17D1B3DB0036F5AE /* Plane.h */,
			);
			name = SceneObjects;
			sourceTree = "<group>";
		};
		49C5E1D014C6C76500E6D655 /* Common */ = {
			isa = PBXGroup;
			children = (
				49C5E1D214C6C76500E6D655 /* BasicTypes.h */,
				49C5E1D314C6C76500E6D655 /* BasicTypesImpl.h */,
				49C5E1D414C6C76500E6D655 /* SceneObject.cpp */,
				49C5E1D514C6C76500E6D655 /* SceneObject.h */,
			);
			path = Common;
			sourceTree = SOURCE_ROOT;
		};
		49C5E1D814C6C7B700E6D655 /* Framework */ = {
			isa = PBXGroup;
			children = (
				49C5E1D914C6C7B700E6D655 /* Camera.h */,
				49C5E1DB14C6C7B700E6D655 /* FrameBuffer.h */,
				49C5E1DD14C6C7B700E6D655 /* Renderer.h */,
				49C5E1DE14C6C7B700E6D655 /* Renderer.mm */,
				49C5E1DF14C6C7B700E6D655 /* SceneParser.h */,
				49C5E1E014C6C7B700E6D655 /* SceneParser.m */,
			);
			path = Framework;
			sourceTree = SOURCE_ROOT;
		};
/* End PBXGroup section */

/* Begin PBXNativeTarget section */
		495805B614C57683002AC459 /* RendererTests */ = {
			isa = PBXNativeTarget;
			buildConfigurationList = 495805CA14C57683002AC459 /* Build configuration list for PBXNativeTarget "RendererTests" */;
			buildPhases = (
				495805B214C57683002AC459 /* Sources */,
				495805B314C57683002AC459 /* Frameworks */,
				495805B414C57683002AC459 /* Resources */,
				495805B514C57683002AC459 /* ShellScript */,
			);
			buildRules = (
			);
			dependencies = (
			);
			name = RendererTests;
			productName = RendererTests;
			productReference = 495805B714C57683002AC459 /* RendererTests.octest */;
			productType = "com.apple.product-type.bundle";
		};
		498BCE211471073700B4ED2C /* Renderer */ = {
			isa = PBXNativeTarget;
			buildConfigurationList = 498BCE311471073700B4ED2C /* Build configuration list for PBXNativeTarget "Renderer" */;
			buildPhases = (
				498BCE1E1471073700B4ED2C /* Sources */,
				498BCE1F1471073700B4ED2C /* Frameworks */,
				498BCE201471073700B4ED2C /* CopyFiles */,
			);
			buildRules = (
			);
			dependencies = (
			);
			name = Renderer;
			productName = Renderer;
			productReference = 498BCE221471073700B4ED2C /* Renderer */;
			productType = "com.apple.product-type.tool";
		};
/* End PBXNativeTarget section */

/* Begin PBXProject section */
		498BCE191471073700B4ED2C /* Project object */ = {
			isa = PBXProject;
			attributes = {
				LastUpgradeCheck = 0420;
			};
			buildConfigurationList = 498BCE1C1471073700B4ED2C /* Build configuration list for PBXProject "Renderer" */;
			compatibilityVersion = "Xcode 3.2";
			developmentRegion = English;
			hasScannedForEncodings = 0;
			knownRegions = (
				en,
			);
			mainGroup = 498BCE171471073700B4ED2C;
			productRefGroup = 498BCE231471073700B4ED2C /* Products */;
			projectDirPath = "";
			projectRoot = "";
			targets = (
				498BCE211471073700B4ED2C /* Renderer */,
				495805B614C57683002AC459 /* RendererTests */,
			);
		};
/* End PBXProject section */

/* Begin PBXResourcesBuildPhase section */
		495805B414C57683002AC459 /* Resources */ = {
			isa = PBXResourcesBuildPhase;
			buildActionMask = 2147483647;
			files = (
				495805C514C57683002AC459 /* InfoPlist.strings in Resources */,
			);
			runOnlyForDeploymentPostprocessing = 0;
		};
/* End PBXResourcesBuildPhase section */

/* Begin PBXShellScriptBuildPhase section */
		495805B514C57683002AC459 /* ShellScript */ = {
			isa = PBXShellScriptBuildPhase;
			buildActionMask = 2147483647;
			files = (
			);
			inputPaths = (
			);
			outputPaths = (
			);
			runOnlyForDeploymentPostprocessing = 0;
			shellPath = /bin/sh;
			shellScript = "# Run the unit tests in this test bundle.\n\"${SYSTEM_DEVELOPER_DIR}/Tools/RunUnitTests\"\n";
		};
/* End PBXShellScriptBuildPhase section */

/* Begin PBXSourcesBuildPhase section */
		495805B214C57683002AC459 /* Sources */ = {
			isa = PBXSourcesBuildPhase;
			buildActionMask = 2147483647;
			files = (
				495805C814C57683002AC459 /* RendererTests.mm in Sources */,
				49C5E1D714C6C76500E6D655 /* SceneObject.cpp in Sources */,
				49C5E1E314C6C7B700E6D655 /* Renderer.mm in Sources */,
				49C5E1E414C6C7B700E6D655 /* SceneParser.m in Sources */,
				4969251114E3C88D00FB3BCB /* FrameBufferTest.mm in Sources */,
				4969251214E3C88D00FB3BCB /* MathTest.m in Sources */,
				49D5135C1595A24B00C0ECAF /* Sphere.cpp in Sources */,
				498954C7179523720036F5AE /* Scene.cpp in Sources */,
				498954CB17952ACA0036F5AE /* SOIntersection.cpp in Sources */,
				498954D0179BC2E50036F5AE /* SceneObjectTests.mm in Sources */,
				498954D1179BD5600036F5AE /* FrameBuffer.mm in Sources */,
				498954D3179BD8560036F5AE /* BasicTypesImpl.cpp in Sources */,
				498954D4179BDBB80036F5AE /* Camera.mm in Sources */,
				498954D8179E61F60036F5AE /* LightSource.cpp in Sources */,
				498954DD179E6F730036F5AE /* IlluminateResult.cpp in Sources */,
				498954E117A10EFC0036F5AE /* PointLightSource.cpp in Sources */,
				498954F117D1B3DB0036F5AE /* Plane.cpp in Sources */,
				498954F517D9AF750036F5AE /* Material.cpp in Sources */,
			);
			runOnlyForDeploymentPostprocessing = 0;
		};
		498BCE1E1471073700B4ED2C /* Sources */ = {
			isa = PBXSourcesBuildPhase;
			buildActionMask = 2147483647;
			files = (
				498BCE2A1471073700B4ED2C /* main.mm in Sources */,
				498BCE37147107B000B4ED2C /* SceneObject.cpp in Sources */,
				498BCE3E1471091C00B4ED2C /* Renderer.mm in Sources */,
				498BCE421472505500B4ED2C /* SceneParser.m in Sources */,
				498BCE451472569400B4ED2C /* Camera.mm in Sources */,
				498BCE471476651000B4ED2C /* BasicTypesImpl.cpp in Sources */,
				498BCE4D14766B4500B4ED2C /* FrameBuffer.mm in Sources */,
				49D5135B1595A24B00C0ECAF /* Sphere.cpp in Sources */,
				498954C6179523720036F5AE /* Scene.cpp in Sources */,
				498954CA17952ACA0036F5AE /* SOIntersection.cpp in Sources */,
				498954D7179E61F60036F5AE /* LightSource.cpp in Sources */,
				498954DC179E6F730036F5AE /* IlluminateResult.cpp in Sources */,
				498954E017A10EFC0036F5AE /* PointLightSource.cpp in Sources */,
				498954F017D1B3DB0036F5AE /* Plane.cpp in Sources */,
				498954F417D9AF750036F5AE /* Material.cpp in Sources */,
			);
			runOnlyForDeploymentPostprocessing = 0;
		};
/* End PBXSourcesBuildPhase section */

/* Begin PBXVariantGroup section */
		495805C314C57683002AC459 /* InfoPlist.strings */ = {
			isa = PBXVariantGroup;
			children = (
				495805C414C57683002AC459 /* en */,
			);
			name = InfoPlist.strings;
			sourceTree = "<group>";
		};
/* End PBXVariantGroup section */

/* Begin XCBuildConfiguration section */
		495805CB14C57683002AC459 /* Debug */ = {
			isa = XCBuildConfiguration;
			buildSettings = {
				FRAMEWORK_SEARCH_PATHS = "$(DEVELOPER_LIBRARY_DIR)/Frameworks";
				GCC_PRECOMPILE_PREFIX_HEADER = YES;
				GCC_PREFIX_HEADER = "RendererTests/RendererTests-Prefix.pch";
				INFOPLIST_FILE = "RendererTests/RendererTests-Info.plist";
				PRODUCT_NAME = "$(TARGET_NAME)";
				WRAPPER_EXTENSION = octest;
			};
			name = Debug;
		};
		495805CC14C57683002AC459 /* Release */ = {
			isa = XCBuildConfiguration;
			buildSettings = {
				FRAMEWORK_SEARCH_PATHS = "$(DEVELOPER_LIBRARY_DIR)/Frameworks";
				GCC_PRECOMPILE_PREFIX_HEADER = YES;
				GCC_PREFIX_HEADER = "RendererTests/RendererTests-Prefix.pch";
				INFOPLIST_FILE = "RendererTests/RendererTests-Info.plist";
				PRODUCT_NAME = "$(TARGET_NAME)";
				WRAPPER_EXTENSION = octest;
			};
			name = Release;
		};
		498BCE2F1471073700B4ED2C /* Debug */ = {
			isa = XCBuildConfiguration;
			buildSettings = {
				ALWAYS_SEARCH_USER_PATHS = NO;
				ARCHS = "$(ARCHS_STANDARD_64_BIT)";
				COPY_PHASE_STRIP = NO;
				GCC_C_LANGUAGE_STANDARD = gnu99;
				GCC_DYNAMIC_NO_PIC = NO;
				GCC_ENABLE_OBJC_EXCEPTIONS = YES;
				GCC_OPTIMIZATION_LEVEL = 0;
				GCC_PREPROCESSOR_DEFINITIONS = (
					"DEBUG=1",
					"$(inherited)",
				);
				GCC_SYMBOLS_PRIVATE_EXTERN = NO;
				GCC_VERSION = com.apple.compilers.llvm.clang.1_0;
				GCC_WARN_64_TO_32_BIT_CONVERSION = YES;
				GCC_WARN_ABOUT_MISSING_PROTOTYPES = YES;
				GCC_WARN_ABOUT_RETURN_TYPE = YES;
				GCC_WARN_UNUSED_VARIABLE = YES;
				MACOSX_DEPLOYMENT_TARGET = 10.6;
				ONLY_ACTIVE_ARCH = YES;
				SDKROOT = macosx;
			};
			name = Debug;
		};
		498BCE301471073700B4ED2C /* Release */ = {
			isa = XCBuildConfiguration;
			buildSettings = {
				ALWAYS_SEARCH_USER_PATHS = NO;
				ARCHS = "$(ARCHS_STANDARD_64_BIT)";
				COPY_PHASE_STRIP = YES;
				DEBUG_INFORMATION_FORMAT = "dwarf-with-dsym";
				GCC_C_LANGUAGE_STANDARD = gnu99;
				GCC_ENABLE_OBJC_EXCEPTIONS = YES;
				GCC_VERSION = com.apple.compilers.llvm.clang.1_0;
				GCC_WARN_64_TO_32_BIT_CONVERSION = YES;
				GCC_WARN_ABOUT_MISSING_PROTOTYPES = YES;
				GCC_WARN_ABOUT_RETURN_TYPE = YES;
				GCC_WARN_UNUSED_VARIABLE = YES;
				MACOSX_DEPLOYMENT_TARGET = 10.6;
				SDKROOT = macosx;
			};
			name = Release;
		};
		498BCE321471073700B4ED2C /* Debug */ = {
			isa = XCBuildConfiguration;
			buildSettings = {
				FRAMEWORK_SEARCH_PATHS = (
					"$(inherited)",
					"\"$(SYSTEM_APPS_DIR)/Xcode.app/Contents/Developer/Library/Frameworks\"",
				);
				GCC_PRECOMPILE_PREFIX_HEADER = YES;
				GCC_PREFIX_HEADER = "Renderer/Renderer-Prefix.pch";
				"HEADER_SEARCH_PATHS[arch=*]" = "";
				"PRELINK_FLAGS[arch=*]" = "-v";
				PRODUCT_NAME = "$(TARGET_NAME)";
				"USER_HEADER_SEARCH_PATHS[arch=*]" = "../Framework;../Common";
			};
			name = Debug;
		};
		498BCE331471073700B4ED2C /* Release */ = {
			isa = XCBuildConfiguration;
			buildSettings = {
				FRAMEWORK_SEARCH_PATHS = (
					"$(inherited)",
					"\"$(SYSTEM_APPS_DIR)/Xcode.app/Contents/Developer/Library/Frameworks\"",
				);
				GCC_PRECOMPILE_PREFIX_HEADER = YES;
				GCC_PREFIX_HEADER = "Renderer/Renderer-Prefix.pch";
				PRODUCT_NAME = "$(TARGET_NAME)";
				"USER_HEADER_SEARCH_PATHS[arch=*]" = "../Framework;../Common";
			};
			name = Release;
		};
/* End XCBuildConfiguration section */

/* Begin XCConfigurationList section */
		495805CA14C57683002AC459 /* Build configuration list for PBXNativeTarget "RendererTests" */ = {
			isa = XCConfigurationList;
			buildConfigurations = (
				495805CB14C57683002AC459 /* Debug */,
				495805CC14C57683002AC459 /* Release */,
			);
			defaultConfigurationIsVisible = 0;
			defaultConfigurationName = Release;
		};
		498BCE1C1471073700B4ED2C /* Build configuration list for PBXProject "Renderer" */ = {
			isa = XCConfigurationList;
			buildConfigurations = (
				498BCE2F1471073700B4ED2C /* Debug */,
				498BCE301471073700B4ED2C /* Release */,
			);
			defaultConfigurationIsVisible = 0;
			defaultConfigurationName = Release;
		};
		498BCE311471073700B4ED2C /* Build configuration list for PBXNativeTarget "Renderer" */ = {
			isa = XCConfigurationList;
			buildConfigurations = (
				498BCE321471073700B4ED2C /* Debug */,
				498BCE331471073700B4ED2C /* Release */,
			);
			defaultConfigurationIsVisible = 0;
			defaultConfigurationName = Release;
		};
/* End XCConfigurationList section */
	};
	rootObject = 498BCE191471073700B4ED2C /* Project object */;
}
